
Microsoft Visual Studio Solution File, Format Version 12.00
Project("{FAE04EC0-301F-11D3-BF4B-00C04F79EFBC}") = "EditorHelper", "EditorHelper\EditorHelper.csproj", "{ECE9CD05-403D-4995-8E5D-591275239D40}"
EndProject
Global
	GlobalSection(SolutionConfigurationPlatforms) = preSolution
		Debug|Any CPU = Debug|Any CPU
		Release|Any CPU = Release|Any CPU
	EndGlobalSection
	GlobalSection(ProjectConfigurationPlatforms) = postSolution
		{ECE9CD05-403D-4995-8E5D-591275239D40}.Debug|Any CPU.ActiveCfg = Debug|Any CPU
		{ECE9CD05-403D-4995-8E5D-591275239D40}.Debug|Any CPU.Build.0 = Debug|Any CPU
		{ECE9CD05-403D-4995-8E5D-591275239D40}.Release|Any CPU.ActiveCfg = Release|Any CPU
		{ECE9CD05-403D-4995-8E5D-591275239D40}.Release|Any CPU.Build.0 = Release|Any CPU
	EndGlobalSection
EndGlobal
