
Microsoft Visual Studio Solution File, Format Version 12.00
Project("{FAE04EC0-301F-11D3-BF4B-00C04F79EFBC}") = "EditorHelper", "EditorHelper\EditorHelper.csproj", "{7693DF75-9336-4302-847A-B1DDFAFDC928}"
EndProject
Global
	GlobalSection(SolutionConfigurationPlatforms) = preSolution
		Debug|Any CPU = Debug|Any CPU
		Release|Any CPU = Release|Any CPU
	EndGlobalSection
	GlobalSection(ProjectConfigurationPlatforms) = postSolution
		{4C6AD164-D579-4A3D-8F39-F8EE44D1395B}.Release|Any CPU.ActiveCfg = Release|Any CPU
		{4C6AD164-D579-4A3D-8F39-F8EE44D1395B}.Release|Any CPU.Build.0 = Release|Any CPU
		{4C6AD164-D579-4A3D-8F39-F8EE44D1395B}.Debug|Any CPU.ActiveCfg = Debug|Any CPU
		{4C6AD164-D579-4A3D-8F39-F8EE44D1395B}.Debug|Any CPU.Build.0 = Debug|Any CPU
		{7693DF75-9336-4302-847A-B1DDFAFDC928}.Debug|Any CPU.ActiveCfg = Debug|Any CPU
		{7693DF75-9336-4302-847A-B1DDFAFDC928}.Debug|Any CPU.Build.0 = Debug|Any CPU
		{7693DF75-9336-4302-847A-B1DDFAFDC928}.Release|Any CPU.ActiveCfg = Release|Any CPU
		{7693DF75-9336-4302-847A-B1DDFAFDC928}.Release|Any CPU.Build.0 = Release|Any CPU
	EndGlobalSection
EndGlobal
